// !$*UTF8*$!
{
	archiveVersion = 1;
	classes = {
	};
	objectVersion = 46;
	objects = {

/* Begin PBXBuildFile section */
		4C5532071B4EFB9D00849ECF /* AppDelegate.swift in Sources */ = {isa = PBXBuildFile; fileRef = 4C5532061B4EFB9D00849ECF /* AppDelegate.swift */; };
		4C5532091B4EFB9D00849ECF /* ViewController.swift in Sources */ = {isa = PBXBuildFile; fileRef = 4C5532081B4EFB9D00849ECF /* ViewController.swift */; };
		4C55320C1B4EFB9D00849ECF /* Main.storyboard in Resources */ = {isa = PBXBuildFile; fileRef = 4C55320A1B4EFB9D00849ECF /* Main.storyboard */; };
		4C55320E1B4EFB9D00849ECF /* Images.xcassets in Resources */ = {isa = PBXBuildFile; fileRef = 4C55320D1B4EFB9D00849ECF /* Images.xcassets */; };
		4C5532111B4EFB9D00849ECF /* LaunchScreen.xib in Resources */ = {isa = PBXBuildFile; fileRef = 4C55320F1B4EFB9D00849ECF /* LaunchScreen.xib */; };
		4C55321D1B4EFB9D00849ECF /* Pitch_PerfectTests.swift in Sources */ = {isa = PBXBuildFile; fileRef = 4C55321C1B4EFB9D00849ECF /* Pitch_PerfectTests.swift */; };
/* End PBXBuildFile section */

/* Begin PBXContainerItemProxy section */
		4C5532171B4EFB9D00849ECF /* PBXContainerItemProxy */ = {
			isa = PBXContainerItemProxy;
			containerPortal = 4C5531F91B4EFB9D00849ECF /* Project object */;
			proxyType = 1;
			remoteGlobalIDString = 4C5532001B4EFB9D00849ECF;
			remoteInfo = "Pitch Perfect";
		};
/* End PBXContainerItemProxy section */

/* Begin PBXFileReference section */
		4C5532011B4EFB9D00849ECF /* Pitch Perfect.app */ = {isa = PBXFileReference; explicitFileType = wrapper.application; includeInIndex = 0; path = "Pitch Perfect.app"; sourceTree = BUILT_PRODUCTS_DIR; };
		4C5532051B4EFB9D00849ECF /* Info.plist */ = {isa = PBXFileReference; lastKnownFileType = text.plist.xml; path = Info.plist; sourceTree = "<group>"; };
		4C5532061B4EFB9D00849ECF /* AppDelegate.swift */ = {isa = PBXFileReference; lastKnownFileType = sourcecode.swift; path = AppDelegate.swift; sourceTree = "<group>"; };
		4C5532081B4EFB9D00849ECF /* ViewController.swift */ = {isa = PBXFileReference; lastKnownFileType = sourcecode.swift; path = ViewController.swift; sourceTree = "<group>"; };
		4C55320B1B4EFB9D00849ECF /* Base */ = {isa = PBXFileReference; lastKnownFileType = file.storyboard; name = Base; path = Base.lproj/Main.storyboard; sourceTree = "<group>"; };
		4C55320D1B4EFB9D00849ECF /* Images.xcassets */ = {isa = PBXFileReference; lastKnownFileType = folder.assetcatalog; path = Images.xcassets; sourceTree = "<group>"; };
		4C5532101B4EFB9D00849ECF /* Base */ = {isa = PBXFileReference; lastKnownFileType = file.xib; name = Base; path = Base.lproj/LaunchScreen.xib; sourceTree = "<group>"; };
		4C5532161B4EFB9D00849ECF /* Pitch PerfectTests.xctest */ = {isa = PBXFileReference; explicitFileType = wrapper.cfbundle; includeInIndex = 0; path = "Pitch PerfectTests.xctest"; sourceTree = BUILT_PRODUCTS_DIR; };
		4C55321B1B4EFB9D00849ECF /* Info.plist */ = {isa = PBXFileReference; lastKnownFileType = text.plist.xml; path = Info.plist; sourceTree = "<group>"; };
		4C55321C1B4EFB9D00849ECF /* Pitch_PerfectTests.swift */ = {isa = PBXFileReference; lastKnownFileType = sourcecode.swift; path = Pitch_PerfectTests.swift; sourceTree = "<group>"; };
/* End PBXFileReference section */

/* Begin PBXFrameworksBuildPhase section */
		4C5531FE1B4EFB9D00849ECF /* Frameworks */ = {
			isa = PBXFrameworksBuildPhase;
			buildActionMask = 2147483647;
			files = (
			);
			runOnlyForDeploymentPostprocessing = 0;
		};
		4C5532131B4EFB9D00849ECF /* Frameworks */ = {
			isa = PBXFrameworksBuildPhase;
			buildActionMask = 2147483647;
			files = (
			);
			runOnlyForDeploymentPostprocessing = 0;
		};
/* End PBXFrameworksBuildPhase section */

/* Begin PBXGroup section */
		4C5531F81B4EFB9D00849ECF = {
			isa = PBXGroup;
			children = (
				4C5532031B4EFB9D00849ECF /* Pitch Perfect */,
				4C5532191B4EFB9D00849ECF /* Pitch PerfectTests */,
				4C5532021B4EFB9D00849ECF /* Products */,
			);
			sourceTree = "<group>";
		};
		4C5532021B4EFB9D00849ECF /* Products */ = {
			isa = PBXGroup;
			children = (
				4C5532011B4EFB9D00849ECF /* Pitch Perfect.app */,
				4C5532161B4EFB9D00849ECF /* Pitch PerfectTests.xctest */,
			);
			name = Products;
			sourceTree = "<group>";
		};
		4C5532031B4EFB9D00849ECF /* Pitch Perfect */ = {
			isa = PBXGroup;
			children = (
				4C5532061B4EFB9D00849ECF /* AppDelegate.swift */,
				4C5532081B4EFB9D00849ECF /* ViewController.swift */,
				4C55320A1B4EFB9D00849ECF /* Main.storyboard */,
				4C55320D1B4EFB9D00849ECF /* Images.xcassets */,
				4C55320F1B4EFB9D00849ECF /* LaunchScreen.xib */,
				4C5532041B4EFB9D00849ECF /* Supporting Files */,
			);
			path = "Pitch Perfect";
			sourceTree = "<group>";
		};
		4C5532041B4EFB9D00849ECF /* Supporting Files */ = {
			isa = PBXGroup;
			children = (
				4C5532051B4EFB9D00849ECF /* Info.plist */,
			);
			name = "Supporting Files";
			sourceTree = "<group>";
		};
		4C5532191B4EFB9D00849ECF /* Pitch PerfectTests */ = {
			isa = PBXGroup;
			children = (
				4C55321C1B4EFB9D00849ECF /* Pitch_PerfectTests.swift */,
				4C55321A1B4EFB9D00849ECF /* Supporting Files */,
			);
			path = "Pitch PerfectTests";
			sourceTree = "<group>";
		};
		4C55321A1B4EFB9D00849ECF /* Supporting Files */ = {
			isa = PBXGroup;
			children = (
				4C55321B1B4EFB9D00849ECF /* Info.plist */,
			);
			name = "Supporting Files";
			sourceTree = "<group>";
		};
/* End PBXGroup section */

/* Begin PBXNativeTarget section */
		4C5532001B4EFB9D00849ECF /* Pitch Perfect */ = {
			isa = PBXNativeTarget;
			buildConfigurationList = 4C5532201B4EFB9D00849ECF /* Build configuration list for PBXNativeTarget "Pitch Perfect" */;
			buildPhases = (
				4C5531FD1B4EFB9D00849ECF /* Sources */,
				4C5531FE1B4EFB9D00849ECF /* Frameworks */,
				4C5531FF1B4EFB9D00849ECF /* Resources */,
			);
			buildRules = (
			);
			dependencies = (
			);
			name = "Pitch Perfect";
			productName = "Pitch Perfect";
			productReference = 4C5532011B4EFB9D00849ECF /* Pitch Perfect.app */;
			productType = "com.apple.product-type.application";
		};
		4C5532151B4EFB9D00849ECF /* Pitch PerfectTests */ = {
			isa = PBXNativeTarget;
			buildConfigurationList = 4C5532231B4EFB9D00849ECF /* Build configuration list for PBXNativeTarget "Pitch PerfectTests" */;
			buildPhases = (
				4C5532121B4EFB9D00849ECF /* Sources */,
				4C5532131B4EFB9D00849ECF /* Frameworks */,
				4C5532141B4EFB9D00849ECF /* Resources */,
			);
			buildRules = (
			);
			dependencies = (
				4C5532181B4EFB9D00849ECF /* PBXTargetDependency */,
			);
			name = "Pitch PerfectTests";
			productName = "Pitch PerfectTests";
			productReference = 4C5532161B4EFB9D00849ECF /* Pitch PerfectTests.xctest */;
			productType = "com.apple.product-type.bundle.unit-test";
		};
/* End PBXNativeTarget section */

/* Begin PBXProject section */
		4C5531F91B4EFB9D00849ECF /* Project object */ = {
			isa = PBXProject;
			attributes = {
				LastUpgradeCheck = 0640;
				ORGANIZATIONNAME = "Cyanshift Apps AB";
				TargetAttributes = {
					4C5532001B4EFB9D00849ECF = {
						CreatedOnToolsVersion = 6.4;
					};
					4C5532151B4EFB9D00849ECF = {
						CreatedOnToolsVersion = 6.4;
						TestTargetID = 4C5532001B4EFB9D00849ECF;
					};
				};
			};
			buildConfigurationList = 4C5531FC1B4EFB9D00849ECF /* Build configuration list for PBXProject "Pitch Perfect" */;
			compatibilityVersion = "Xcode 3.2";
			developmentRegion = English;
			hasScannedForEncodings = 0;
			knownRegions = (
				en,
				Base,
			);
			mainGroup = 4C5531F81B4EFB9D00849ECF;
			productRefGroup = 4C5532021B4EFB9D00849ECF /* Products */;
			projectDirPath = "";
			projectRoot = "";
			targets = (
				4C5532001B4EFB9D00849ECF /* Pitch Perfect */,
				4C5532151B4EFB9D00849ECF /* Pitch PerfectTests */,
			);
		};
/* End PBXProject section */

/* Begin PBXResourcesBuildPhase section */
		4C5531FF1B4EFB9D00849ECF /* Resources */ = {
			isa = PBXResourcesBuildPhase;
			buildActionMask = 2147483647;
			files = (
				4C55320C1B4EFB9D00849ECF /* Main.storyboard in Resources */,
				4C5532111B4EFB9D00849ECF /* LaunchScreen.xib in Resources */,
				4C55320E1B4EFB9D00849ECF /* Images.xcassets in Resources */,
			);
			runOnlyForDeploymentPostprocessing = 0;
		};
		4C5532141B4EFB9D00849ECF /* Resources */ = {
			isa = PBXResourcesBuildPhase;
			buildActionMask = 2147483647;
			files = (
			);
			runOnlyForDeploymentPostprocessing = 0;
		};
/* End PBXResourcesBuildPhase section */

/* Begin PBXSourcesBuildPhase section */
		4C5531FD1B4EFB9D00849ECF /* Sources */ = {
			isa = PBXSourcesBuildPhase;
			buildActionMask = 2147483647;
			files = (
				4C5532091B4EFB9D00849ECF /* ViewController.swift in Sources */,
				4C5532071B4EFB9D00849ECF /* AppDelegate.swift in Sources */,
			);
			runOnlyForDeploymentPostprocessing = 0;
		};
		4C5532121B4EFB9D00849ECF /* Sources */ = {
			isa = PBXSourcesBuildPhase;
			buildActionMask = 2147483647;
			files = (
				4C55321D1B4EFB9D00849ECF /* Pitch_PerfectTests.swift in Sources */,
			);
			runOnlyForDeploymentPostprocessing = 0;
		};
/* End PBXSourcesBuildPhase section */

/* Begin PBXTargetDependency section */
		4C5532181B4EFB9D00849ECF /* PBXTargetDependency */ = {
			isa = PBXTargetDependency;
			target = 4C5532001B4EFB9D00849ECF /* Pitch Perfect */;
			targetProxy = 4C5532171B4EFB9D00849ECF /* PBXContainerItemProxy */;
		};
/* End PBXTargetDependency section */

/* Begin PBXVariantGroup section */
		4C55320A1B4EFB9D00849ECF /* Main.storyboard */ = {
			isa = PBXVariantGroup;
			children = (
				4C55320B1B4EFB9D00849ECF /* Base */,
			);
			name = Main.storyboard;
			sourceTree = "<group>";
		};
		4C55320F1B4EFB9D00849ECF /* LaunchScreen.xib */ = {
			isa = PBXVariantGroup;
			children = (
				4C5532101B4EFB9D00849ECF /* Base */,
			);
			name = LaunchScreen.xib;
			sourceTree = "<group>";
		};
/* End PBXVariantGroup section */

/* Begin XCBuildConfiguration section */
		4C55321E1B4EFB9D00849ECF /* Debug */ = {
			isa = XCBuildConfiguration;
			buildSettings = {
				ALWAYS_SEARCH_USER_PATHS = NO;
				CLANG_CXX_LANGUAGE_STANDARD = "gnu++0x";
				CLANG_CXX_LIBRARY = "libc++";
				CLANG_ENABLE_MODULES = YES;
				CLANG_ENABLE_OBJC_ARC = YES;
				CLANG_WARN_BOOL_CONVERSION = YES;
				CLANG_WARN_CONSTANT_CONVERSION = YES;
				CLANG_WARN_DIRECT_OBJC_ISA_USAGE = YES_ERROR;
				CLANG_WARN_EMPTY_BODY = YES;
				CLANG_WARN_ENUM_CONVERSION = YES;
				CLANG_WARN_INT_CONVERSION = YES;
				CLANG_WARN_OBJC_ROOT_CLASS = YES_ERROR;
				CLANG_WARN_UNREACHABLE_CODE = YES;
				CLANG_WARN__DUPLICATE_METHOD_MATCH = YES;
				"CODE_SIGN_IDENTITY[sdk=iphoneos*]" = "iPhone Developer";
				COPY_PHASE_STRIP = NO;
				DEBUG_INFORMATION_FORMAT = "dwarf-with-dsym";
				ENABLE_STRICT_OBJC_MSGSEND = YES;
				GCC_C_LANGUAGE_STANDARD = gnu99;
				GCC_DYNAMIC_NO_PIC = NO;
				GCC_NO_COMMON_BLOCKS = YES;
				GCC_OPTIMIZATION_LEVEL = 0;
				GCC_PREPROCESSOR_DEFINITIONS = (
					"DEBUG=1",
					"$(inherited)",
				);
				GCC_SYMBOLS_PRIVATE_EXTERN = NO;
				GCC_WARN_64_TO_32_BIT_CONVERSION = YES;
				GCC_WARN_ABOUT_RETURN_TYPE = YES_ERROR;
				GCC_WARN_UNDECLARED_SELECTOR = YES;
				GCC_WARN_UNINITIALIZED_AUTOS = YES_AGGRESSIVE;
				GCC_WARN_UNUSED_FUNCTION = YES;
				GCC_WARN_UNUSED_VARIABLE = YES;
				IPHONEOS_DEPLOYMENT_TARGET = 8.4;
				MTL_ENABLE_DEBUG_INFO = YES;
				ONLY_ACTIVE_ARCH = YES;
				SDKROOT = iphoneos;
				SWIFT_OPTIMIZATION_LEVEL = "-Onone";
			};
			name = Debug;
		};
		4C55321F1B4EFB9D00849ECF /* Release */ = {
			isa = XCBuildConfiguration;
			buildSettings = {
				ALWAYS_SEARCH_USER_PATHS = NO;
				CLANG_CXX_LANGUAGE_STANDARD = "gnu++0x";
				CLANG_CXX_LIBRARY = "libc++";
				CLANG_ENABLE_MODULES = YES;
				CLANG_ENABLE_OBJC_ARC = YES;
				CLANG_WARN_BOOL_CONVERSION = YES;
				CLANG_WARN_CONSTANT_CONVERSION = YES;
				CLANG_WARN_DIRECT_OBJC_ISA_USAGE = YES_ERROR;
				CLANG_WARN_EMPTY_BODY = YES;
				CLANG_WARN_ENUM_CONVERSION = YES;
				CLANG_WARN_INT_CONVERSION = YES;
				CLANG_WARN_OBJC_ROOT_CLASS = YES_ERROR;
				CLANG_WARN_UNREACHABLE_CODE = YES;
				CLANG_WARN__DUPLICATE_METHOD_MATCH = YES;
				"CODE_SIGN_IDENTITY[sdk=iphoneos*]" = "iPhone Developer";
				COPY_PHASE_STRIP = NO;
				DEBUG_INFORMATION_FORMAT = "dwarf-with-dsym";
				ENABLE_NS_ASSERTIONS = NO;
				ENABLE_STRICT_OBJC_MSGSEND = YES;
				GCC_C_LANGUAGE_STANDARD = gnu99;
				GCC_NO_COMMON_BLOCKS = YES;
				GCC_WARN_64_TO_32_BIT_CONVERSION = YES;
				GCC_WARN_ABOUT_RETURN_TYPE = YES_ERROR;
				GCC_WARN_UNDECLARED_SELECTOR = YES;
				GCC_WARN_UNINITIALIZED_AUTOS = YES_AGGRESSIVE;
				GCC_WARN_UNUSED_FUNCTION = YES;
				GCC_WARN_UNUSED_VARIABLE = YES;
				IPHONEOS_DEPLOYMENT_TARGET = 8.4;
				MTL_ENABLE_DEBUG_INFO = NO;
				SDKROOT = iphoneos;
				VALIDATE_PRODUCT = YES;
			};
			name = Release;
		};
		4C5532211B4EFB9D00849ECF /* Debug */ = {
			isa = XCBuildConfiguration;
			buildSettings = {
				ASSETCATALOG_COMPILER_APPICON_NAME = AppIcon;
				INFOPLIST_FILE = "Pitch Perfect/Info.plist";
				IPHONEOS_DEPLOYMENT_TARGET = 8.0;
				LD_RUNPATH_SEARCH_PATHS = "$(inherited) @executable_path/Frameworks";
				PRODUCT_NAME = "$(TARGET_NAME)";
			};
			name = Debug;
		};
		4C5532221B4EFB9D00849ECF /* Release */ = {
			isa = XCBuildConfiguration;
			buildSettings = {
				ASSETCATALOG_COMPILER_APPICON_NAME = AppIcon;
				INFOPLIST_FILE = "Pitch Perfect/Info.plist";
				IPHONEOS_DEPLOYMENT_TARGET = 8.0;
				LD_RUNPATH_SEARCH_PATHS = "$(inherited) @executable_path/Frameworks";
				PRODUCT_NAME = "$(TARGET_NAME)";
			};
			name = Release;
		};
		4C5532241B4EFB9D00849ECF /* Debug */ = {
			isa = XCBuildConfiguration;
			buildSettings = {
				BUNDLE_LOADER = "$(TEST_HOST)";
				FRAMEWORK_SEARCH_PATHS = (
					"$(SDKROOT)/Developer/Library/Frameworks",
					"$(inherited)",
				);
				GCC_PREPROCESSOR_DEFINITIONS = (
					"DEBUG=1",
					"$(inherited)",
				);
				INFOPLIST_FILE = "Pitch PerfectTests/Info.plist";
				LD_RUNPATH_SEARCH_PATHS = "$(inherited) @executable_path/Frameworks @loader_path/Frameworks";
				PRODUCT_NAME = "$(TARGET_NAME)";
				TEST_HOST = "$(BUILT_PRODUCTS_DIR)/Pitch Perfect.app/Pitch Perfect";
			};
			name = Debug;
		};
		4C5532251B4EFB9D00849ECF /* Release */ = {
			isa = XCBuildConfiguration;
			buildSettings = {
				BUNDLE_LOADER = "$(TEST_HOST)";
				FRAMEWORK_SEARCH_PATHS = (
					"$(SDKROOT)/Developer/Library/Frameworks",
					"$(inherited)",
				);
				INFOPLIST_FILE = "Pitch PerfectTests/Info.plist";
				LD_RUNPATH_SEARCH_PATHS = "$(inherited) @executable_path/Frameworks @loader_path/Frameworks";
				PRODUCT_NAME = "$(TARGET_NAME)";
				TEST_HOST = "$(BUILT_PRODUCTS_DIR)/Pitch Perfect.app/Pitch Perfect";
			};
			name = Release;
		};
/* End XCBuildConfiguration section */

/* Begin XCConfigurationList section */
		4C5531FC1B4EFB9D00849ECF /* Build configuration list for PBXProject "Pitch Perfect" */ = {
			isa = XCConfigurationList;
			buildConfigurations = (
				4C55321E1B4EFB9D00849ECF /* Debug */,
				4C55321F1B4EFB9D00849ECF /* Release */,
			);
			defaultConfigurationIsVisible = 0;
			defaultConfigurationName = Release;
		};
		4C5532201B4EFB9D00849ECF /* Build configuration list for PBXNativeTarget "Pitch Perfect" */ = {
			isa = XCConfigurationList;
			buildConfigurations = (
				4C5532211B4EFB9D00849ECF /* Debug */,
				4C5532221B4EFB9D00849ECF /* Release */,
			);
			defaultConfigurationIsVisible = 0;
		};
		4C5532231B4EFB9D00849ECF /* Build configuration list for PBXNativeTarget "Pitch PerfectTests" */ = {
			isa = XCConfigurationList;
			buildConfigurations = (
				4C5532241B4EFB9D00849ECF /* Debug */,
				4C5532251B4EFB9D00849ECF /* Release */,
			);
			defaultConfigurationIsVisible = 0;
		};
/* End XCConfigurationList section */
	};
	rootObject = 4C5531F91B4EFB9D00849ECF /* Project object */;
}
